// !$*UTF8*$!
{
	archiveVersion = 1;
	classes = {
	};
	objectVersion = 56;
	objects = {

/* Begin PBXBuildFile section */
		C177F8A8299A05E300D18532 /* AppDelegate.swift in Sources */ = {isa = PBXBuildFile; fileRef = C177F8A7299A05E300D18532 /* AppDelegate.swift */; };
		C177F8AA299A05E300D18532 /* SceneDelegate.swift in Sources */ = {isa = PBXBuildFile; fileRef = C177F8A9299A05E300D18532 /* SceneDelegate.swift */; };
		C177F8AC299A05E300D18532 /* ViewController.swift in Sources */ = {isa = PBXBuildFile; fileRef = C177F8AB299A05E300D18532 /* ViewController.swift */; };
		C177F8B1299A05E500D18532 /* Assets.xcassets in Resources */ = {isa = PBXBuildFile; fileRef = C177F8B0299A05E500D18532 /* Assets.xcassets */; };
		C177F8C1299A1C0E00D18532 /* SnapKit in Frameworks */ = {isa = PBXBuildFile; productRef = C177F8C0299A1C0E00D18532 /* SnapKit */; };
		C177F8C4299A252D00D18532 /* PasswordView.swift in Sources */ = {isa = PBXBuildFile; fileRef = C177F8C3299A252D00D18532 /* PasswordView.swift */; };
		C177F8C7299A359B00D18532 /* String + extension.swift in Sources */ = {isa = PBXBuildFile; fileRef = C177F8C6299A359B00D18532 /* String + extension.swift */; };
/* End PBXBuildFile section */

/* Begin PBXFileReference section */
		C177F8A4299A05E300D18532 /* Homework 17.app */ = {isa = PBXFileReference; explicitFileType = wrapper.application; includeInIndex = 0; path = "Homework 17.app"; sourceTree = BUILT_PRODUCTS_DIR; };
		C177F8A7299A05E300D18532 /* AppDelegate.swift */ = {isa = PBXFileReference; lastKnownFileType = sourcecode.swift; path = AppDelegate.swift; sourceTree = "<group>"; };
		C177F8A9299A05E300D18532 /* SceneDelegate.swift */ = {isa = PBXFileReference; lastKnownFileType = sourcecode.swift; path = SceneDelegate.swift; sourceTree = "<group>"; };
		C177F8AB299A05E300D18532 /* ViewController.swift */ = {isa = PBXFileReference; lastKnownFileType = sourcecode.swift; path = ViewController.swift; sourceTree = "<group>"; };
		C177F8B0299A05E500D18532 /* Assets.xcassets */ = {isa = PBXFileReference; lastKnownFileType = folder.assetcatalog; path = Assets.xcassets; sourceTree = "<group>"; };
		C177F8B5299A05E500D18532 /* Info.plist */ = {isa = PBXFileReference; lastKnownFileType = text.plist.xml; path = Info.plist; sourceTree = "<group>"; };
		C177F8C3299A252D00D18532 /* PasswordView.swift */ = {isa = PBXFileReference; lastKnownFileType = sourcecode.swift; path = PasswordView.swift; sourceTree = "<group>"; };
		C177F8C6299A359B00D18532 /* String + extension.swift */ = {isa = PBXFileReference; lastKnownFileType = sourcecode.swift; path = "String + extension.swift"; sourceTree = "<group>"; };
/* End PBXFileReference section */

/* Begin PBXFrameworksBuildPhase section */
		C177F8A1299A05E300D18532 /* Frameworks */ = {
			isa = PBXFrameworksBuildPhase;
			buildActionMask = 2147483647;
			files = (
				C177F8C1299A1C0E00D18532 /* SnapKit in Frameworks */,
			);
			runOnlyForDeploymentPostprocessing = 0;
		};
/* End PBXFrameworksBuildPhase section */

/* Begin PBXGroup section */
		C177F89B299A05E300D18532 = {
			isa = PBXGroup;
			children = (
				C177F8A6299A05E300D18532 /* Homework 17 */,
				C177F8A5299A05E300D18532 /* Products */,
			);
			sourceTree = "<group>";
		};
		C177F8A5299A05E300D18532 /* Products */ = {
			isa = PBXGroup;
			children = (
				C177F8A4299A05E300D18532 /* Homework 17.app */,
			);
			name = Products;
			sourceTree = "<group>";
		};
		C177F8A6299A05E300D18532 /* Homework 17 */ = {
			isa = PBXGroup;
			children = (
				C177F8BB299A06BA00D18532 /* Resources */,
				C177F8BC299A06C400D18532 /* Sources */,
			);
			path = "Homework 17";
			sourceTree = "<group>";
		};
		C177F8BB299A06BA00D18532 /* Resources */ = {
			isa = PBXGroup;
			children = (
				C177F8B0299A05E500D18532 /* Assets.xcassets */,
				C177F8B5299A05E500D18532 /* Info.plist */,
			);
			path = Resources;
			sourceTree = "<group>";
		};
		C177F8BC299A06C400D18532 /* Sources */ = {
			isa = PBXGroup;
			children = (
				C177F8C5299A357E00D18532 /* Extension */,
				C177F8C2299A251C00D18532 /* View */,
				C177F8BE299A06F900D18532 /* Controller */,
				C177F8BD299A06F000D18532 /* App */,
			);
			path = Sources;
			sourceTree = "<group>";
		};
		C177F8BD299A06F000D18532 /* App */ = {
			isa = PBXGroup;
			children = (
				C177F8A7299A05E300D18532 /* AppDelegate.swift */,
				C177F8A9299A05E300D18532 /* SceneDelegate.swift */,
			);
			path = App;
			sourceTree = "<group>";
		};
		C177F8BE299A06F900D18532 /* Controller */ = {
			isa = PBXGroup;
			children = (
				C177F8AB299A05E300D18532 /* ViewController.swift */,
			);
			path = Controller;
			sourceTree = "<group>";
		};
		C177F8C2299A251C00D18532 /* View */ = {
			isa = PBXGroup;
			children = (
				C177F8C3299A252D00D18532 /* PasswordView.swift */,
			);
			path = View;
			sourceTree = "<group>";
		};
		C177F8C5299A357E00D18532 /* Extension */ = {
			isa = PBXGroup;
			children = (
				C177F8C6299A359B00D18532 /* String + extension.swift */,
			);
			path = Extension;
			sourceTree = "<group>";
		};
/* End PBXGroup section */

/* Begin PBXNativeTarget section */
		C177F8A3299A05E300D18532 /* Homework 17 */ = {
			isa = PBXNativeTarget;
			buildConfigurationList = C177F8B8299A05E500D18532 /* Build configuration list for PBXNativeTarget "Homework 17" */;
			buildPhases = (
				C177F8A0299A05E300D18532 /* Sources */,
				C177F8A1299A05E300D18532 /* Frameworks */,
				C177F8A2299A05E300D18532 /* Resources */,
			);
			buildRules = (
			);
			dependencies = (
			);
			name = "Homework 17";
			packageProductDependencies = (
				C177F8C0299A1C0E00D18532 /* SnapKit */,
			);
			productName = "Homework 17";
			productReference = C177F8A4299A05E300D18532 /* Homework 17.app */;
			productType = "com.apple.product-type.application";
		};
/* End PBXNativeTarget section */

/* Begin PBXProject section */
		C177F89C299A05E300D18532 /* Project object */ = {
			isa = PBXProject;
			attributes = {
				BuildIndependentTargetsInParallel = 1;
				LastSwiftUpdateCheck = 1420;
				LastUpgradeCheck = 1420;
				TargetAttributes = {
					C177F8A3299A05E300D18532 = {
						CreatedOnToolsVersion = 14.2;
					};
				};
			};
			buildConfigurationList = C177F89F299A05E300D18532 /* Build configuration list for PBXProject "Homework 17" */;
			compatibilityVersion = "Xcode 14.0";
			developmentRegion = en;
			hasScannedForEncodings = 0;
			knownRegions = (
				en,
				Base,
			);
			mainGroup = C177F89B299A05E300D18532;
			packageReferences = (
				C177F8BF299A1C0E00D18532 /* XCRemoteSwiftPackageReference "SnapKit" */,
			);
			productRefGroup = C177F8A5299A05E300D18532 /* Products */;
			projectDirPath = "";
			projectRoot = "";
			targets = (
				C177F8A3299A05E300D18532 /* Homework 17 */,
			);
		};
/* End PBXProject section */

/* Begin PBXResourcesBuildPhase section */
		C177F8A2299A05E300D18532 /* Resources */ = {
			isa = PBXResourcesBuildPhase;
			buildActionMask = 2147483647;
			files = (
				C177F8B1299A05E500D18532 /* Assets.xcassets in Resources */,
			);
			runOnlyForDeploymentPostprocessing = 0;
		};
/* End PBXResourcesBuildPhase section */

/* Begin PBXSourcesBuildPhase section */
		C177F8A0299A05E300D18532 /* Sources */ = {
			isa = PBXSourcesBuildPhase;
			buildActionMask = 2147483647;
			files = (
				C177F8C4299A252D00D18532 /* PasswordView.swift in Sources */,
				C177F8AC299A05E300D18532 /* ViewController.swift in Sources */,
				C177F8A8299A05E300D18532 /* AppDelegate.swift in Sources */,
				C177F8C7299A359B00D18532 /* String + extension.swift in Sources */,
				C177F8AA299A05E300D18532 /* SceneDelegate.swift in Sources */,
			);
			runOnlyForDeploymentPostprocessing = 0;
		};
/* End PBXSourcesBuildPhase section */

/* Begin XCBuildConfiguration section */
		C177F8B6299A05E500D18532 /* Debug */ = {
			isa = XCBuildConfiguration;
			buildSettings = {
				ALWAYS_SEARCH_USER_PATHS = NO;
				CLANG_ANALYZER_NONNULL = YES;
				CLANG_ANALYZER_NUMBER_OBJECT_CONVERSION = YES_AGGRESSIVE;
				CLANG_CXX_LANGUAGE_STANDARD = "gnu++20";
				CLANG_ENABLE_MODULES = YES;
				CLANG_ENABLE_OBJC_ARC = YES;
				CLANG_ENABLE_OBJC_WEAK = YES;
				CLANG_WARN_BLOCK_CAPTURE_AUTORELEASING = YES;
				CLANG_WARN_BOOL_CONVERSION = YES;
				CLANG_WARN_COMMA = YES;
				CLANG_WARN_CONSTANT_CONVERSION = YES;
				CLANG_WARN_DEPRECATED_OBJC_IMPLEMENTATIONS = YES;
				CLANG_WARN_DIRECT_OBJC_ISA_USAGE = YES_ERROR;
				CLANG_WARN_DOCUMENTATION_COMMENTS = YES;
				CLANG_WARN_EMPTY_BODY = YES;
				CLANG_WARN_ENUM_CONVERSION = YES;
				CLANG_WARN_INFINITE_RECURSION = YES;
				CLANG_WARN_INT_CONVERSION = YES;
				CLANG_WARN_NON_LITERAL_NULL_CONVERSION = YES;
				CLANG_WARN_OBJC_IMPLICIT_RETAIN_SELF = YES;
				CLANG_WARN_OBJC_LITERAL_CONVERSION = YES;
				CLANG_WARN_OBJC_ROOT_CLASS = YES_ERROR;
				CLANG_WARN_QUOTED_INCLUDE_IN_FRAMEWORK_HEADER = YES;
				CLANG_WARN_RANGE_LOOP_ANALYSIS = YES;
				CLANG_WARN_STRICT_PROTOTYPES = YES;
				CLANG_WARN_SUSPICIOUS_MOVE = YES;
				CLANG_WARN_UNGUARDED_AVAILABILITY = YES_AGGRESSIVE;
				CLANG_WARN_UNREACHABLE_CODE = YES;
				CLANG_WARN__DUPLICATE_METHOD_MATCH = YES;
				COPY_PHASE_STRIP = NO;
				DEBUG_INFORMATION_FORMAT = dwarf;
				ENABLE_STRICT_OBJC_MSGSEND = YES;
				ENABLE_TESTABILITY = YES;
				GCC_C_LANGUAGE_STANDARD = gnu11;
				GCC_DYNAMIC_NO_PIC = NO;
				GCC_NO_COMMON_BLOCKS = YES;
				GCC_OPTIMIZATION_LEVEL = 0;
				GCC_PREPROCESSOR_DEFINITIONS = (
					"DEBUG=1",
					"$(inherited)",
				);
				GCC_WARN_64_TO_32_BIT_CONVERSION = YES;
				GCC_WARN_ABOUT_RETURN_TYPE = YES_ERROR;
				GCC_WARN_UNDECLARED_SELECTOR = YES;
				GCC_WARN_UNINITIALIZED_AUTOS = YES_AGGRESSIVE;
				GCC_WARN_UNUSED_FUNCTION = YES;
				GCC_WARN_UNUSED_VARIABLE = YES;
				IPHONEOS_DEPLOYMENT_TARGET = 16.2;
				MTL_ENABLE_DEBUG_INFO = INCLUDE_SOURCE;
				MTL_FAST_MATH = YES;
				ONLY_ACTIVE_ARCH = YES;
				SDKROOT = iphoneos;
				SWIFT_ACTIVE_COMPILATION_CONDITIONS = DEBUG;
				SWIFT_OPTIMIZATION_LEVEL = "-Onone";
			};
			name = Debug;
		};
		C177F8B7299A05E500D18532 /* Release */ = {
			isa = XCBuildConfiguration;
			buildSettings = {
				ALWAYS_SEARCH_USER_PATHS = NO;
				CLANG_ANALYZER_NONNULL = YES;
				CLANG_ANALYZER_NUMBER_OBJECT_CONVERSION = YES_AGGRESSIVE;
				CLANG_CXX_LANGUAGE_STANDARD = "gnu++20";
				CLANG_ENABLE_MODULES = YES;
				CLANG_ENABLE_OBJC_ARC = YES;
				CLANG_ENABLE_OBJC_WEAK = YES;
				CLANG_WARN_BLOCK_CAPTURE_AUTORELEASING = YES;
				CLANG_WARN_BOOL_CONVERSION = YES;
				CLANG_WARN_COMMA = YES;
				CLANG_WARN_CONSTANT_CONVERSION = YES;
				CLANG_WARN_DEPRECATED_OBJC_IMPLEMENTATIONS = YES;
				CLANG_WARN_DIRECT_OBJC_ISA_USAGE = YES_ERROR;
				CLANG_WARN_DOCUMENTATION_COMMENTS = YES;
				CLANG_WARN_EMPTY_BODY = YES;
				CLANG_WARN_ENUM_CONVERSION = YES;
				CLANG_WARN_INFINITE_RECURSION = YES;
				CLANG_WARN_INT_CONVERSION = YES;
				CLANG_WARN_NON_LITERAL_NULL_CONVERSION = YES;
				CLANG_WARN_OBJC_IMPLICIT_RETAIN_SELF = YES;
				CLANG_WARN_OBJC_LITERAL_CONVERSION = YES;
				CLANG_WARN_OBJC_ROOT_CLASS = YES_ERROR;
				CLANG_WARN_QUOTED_INCLUDE_IN_FRAMEWORK_HEADER = YES;
				CLANG_WARN_RANGE_LOOP_ANALYSIS = YES;
				CLANG_WARN_STRICT_PROTOTYPES = YES;
				CLANG_WARN_SUSPICIOUS_MOVE = YES;
				CLANG_WARN_UNGUARDED_AVAILABILITY = YES_AGGRESSIVE;
				CLANG_WARN_UNREACHABLE_CODE = YES;
				CLANG_WARN__DUPLICATE_METHOD_MATCH = YES;
				COPY_PHASE_STRIP = NO;
				DEBUG_INFORMATION_FORMAT = "dwarf-with-dsym";
				ENABLE_NS_ASSERTIONS = NO;
				ENABLE_STRICT_OBJC_MSGSEND = YES;
				GCC_C_LANGUAGE_STANDARD = gnu11;
				GCC_NO_COMMON_BLOCKS = YES;
				GCC_WARN_64_TO_32_BIT_CONVERSION = YES;
				GCC_WARN_ABOUT_RETURN_TYPE = YES_ERROR;
				GCC_WARN_UNDECLARED_SELECTOR = YES;
				GCC_WARN_UNINITIALIZED_AUTOS = YES_AGGRESSIVE;
				GCC_WARN_UNUSED_FUNCTION = YES;
				GCC_WARN_UNUSED_VARIABLE = YES;
				IPHONEOS_DEPLOYMENT_TARGET = 16.2;
				MTL_ENABLE_DEBUG_INFO = NO;
				MTL_FAST_MATH = YES;
				SDKROOT = iphoneos;
				SWIFT_COMPILATION_MODE = wholemodule;
				SWIFT_OPTIMIZATION_LEVEL = "-O";
				VALIDATE_PRODUCT = YES;
			};
			name = Release;
		};
		C177F8B9299A05E500D18532 /* Debug */ = {
			isa = XCBuildConfiguration;
			buildSettings = {
				ASSETCATALOG_COMPILER_APPICON_NAME = AppIcon;
				ASSETCATALOG_COMPILER_GLOBAL_ACCENT_COLOR_NAME = AccentColor;
				CODE_SIGN_STYLE = Automatic;
				CURRENT_PROJECT_VERSION = 1;
				DEVELOPMENT_TEAM = KD67T552T3;
				GENERATE_INFOPLIST_FILE = YES;
				INFOPLIST_FILE = "Homework 17/Resources/Info.plist";
				INFOPLIST_KEY_UIApplicationSupportsIndirectInputEvents = YES;
				INFOPLIST_KEY_UILaunchStoryboardName = LaunchScreen;
				INFOPLIST_KEY_UISupportedInterfaceOrientations = UIInterfaceOrientationPortrait;
				INFOPLIST_KEY_UISupportedInterfaceOrientations_iPad = "UIInterfaceOrientationLandscapeLeft UIInterfaceOrientationLandscapeRight UIInterfaceOrientationPortrait UIInterfaceOrientationPortraitUpsideDown";
				IPHONEOS_DEPLOYMENT_TARGET = 13.3;
				LD_RUNPATH_SEARCH_PATHS = (
					"$(inherited)",
					"@executable_path/Frameworks",
				);
				MARKETING_VERSION = 1.0;
				PRODUCT_BUNDLE_IDENTIFIER = "com.my.Homework-17";
				PRODUCT_NAME = "$(TARGET_NAME)";
				SUPPORTED_PLATFORMS = "iphoneos iphonesimulator";
				SUPPORTS_MACCATALYST = NO;
				SUPPORTS_MAC_DESIGNED_FOR_IPHONE_IPAD = NO;
				SWIFT_EMIT_LOC_STRINGS = YES;
				SWIFT_VERSION = 5.0;
				TARGETED_DEVICE_FAMILY = 1;
			};
			name = Debug;
		};
		C177F8BA299A05E500D18532 /* Release */ = {
			isa = XCBuildConfiguration;
			buildSettings = {
				ASSETCATALOG_COMPILER_APPICON_NAME = AppIcon;
				ASSETCATALOG_COMPILER_GLOBAL_ACCENT_COLOR_NAME = AccentColor;
				CODE_SIGN_STYLE = Automatic;
				CURRENT_PROJECT_VERSION = 1;
				DEVELOPMENT_TEAM = KD67T552T3;
				GENERATE_INFOPLIST_FILE = YES;
				INFOPLIST_FILE = "Homework 17/Resources/Info.plist";
				INFOPLIST_KEY_UIApplicationSupportsIndirectInputEvents = YES;
				INFOPLIST_KEY_UILaunchStoryboardName = LaunchScreen;
				INFOPLIST_KEY_UISupportedInterfaceOrientations = UIInterfaceOrientationPortrait;
				INFOPLIST_KEY_UISupportedInterfaceOrientations_iPad = "UIInterfaceOrientationLandscapeLeft UIInterfaceOrientationLandscapeRight UIInterfaceOrientationPortrait UIInterfaceOrientationPortraitUpsideDown";
				IPHONEOS_DEPLOYMENT_TARGET = 13.3;
				LD_RUNPATH_SEARCH_PATHS = (
					"$(inherited)",
					"@executable_path/Frameworks",
				);
				MARKETING_VERSION = 1.0;
				PRODUCT_BUNDLE_IDENTIFIER = "com.my.Homework-17";
				PRODUCT_NAME = "$(TARGET_NAME)";
				SUPPORTED_PLATFORMS = "iphoneos iphonesimulator";
				SUPPORTS_MACCATALYST = NO;
				SUPPORTS_MAC_DESIGNED_FOR_IPHONE_IPAD = NO;
				SWIFT_EMIT_LOC_STRINGS = YES;
				SWIFT_VERSION = 5.0;
				TARGETED_DEVICE_FAMILY = 1;
			};
			name = Release;
		};
/* End XCBuildConfiguration section */

/* Begin XCConfigurationList section */
		C177F89F299A05E300D18532 /* Build configuration list for PBXProject "Homework 17" */ = {
			isa = XCConfigurationList;
			buildConfigurations = (
				C177F8B6299A05E500D18532 /* Debug */,
				C177F8B7299A05E500D18532 /* Release */,
			);
			defaultConfigurationIsVisible = 0;
			defaultConfigurationName = Release;
		};
		C177F8B8299A05E500D18532 /* Build configuration list for PBXNativeTarget "Homework 17" */ = {
			isa = XCConfigurationList;
			buildConfigurations = (
				C177F8B9299A05E500D18532 /* Debug */,
				C177F8BA299A05E500D18532 /* Release */,
			);
			defaultConfigurationIsVisible = 0;
			defaultConfigurationName = Release;
		};
/* End XCConfigurationList section */

/* Begin XCRemoteSwiftPackageReference section */
		C177F8BF299A1C0E00D18532 /* XCRemoteSwiftPackageReference "SnapKit" */ = {
			isa = XCRemoteSwiftPackageReference;
			repositoryURL = "https://github.com/SnapKit/SnapKit.git";
			requirement = {
				branch = develop;
				kind = branch;
			};
		};
/* End XCRemoteSwiftPackageReference section */

/* Begin XCSwiftPackageProductDependency section */
		C177F8C0299A1C0E00D18532 /* SnapKit */ = {
			isa = XCSwiftPackageProductDependency;
			package = C177F8BF299A1C0E00D18532 /* XCRemoteSwiftPackageReference "SnapKit" */;
			productName = SnapKit;
		};
/* End XCSwiftPackageProductDependency section */
	};
	rootObject = C177F89C299A05E300D18532 /* Project object */;
}
